
Microsoft Visual Studio Solution File, Format Version 12.00
# Visual Studio Version 16
VisualStudioVersion = 16.0.30413.136
MinimumVisualStudioVersion = 10.0.40219.1
Project("{FAE04EC0-301F-11D3-BF4B-00C04F79EFBC}") = "XBim_Toolkit_Essentials", "XBim_Toolkit_Essentials\XBim_Toolkit_Essentials.csproj", "{A3A3DD1F-53AD-4709-8526-C70EBBB9F0F0}"
EndProject
Global
	GlobalSection(SolutionConfigurationPlatforms) = preSolution
		Debug|Any CPU = Debug|Any CPU
		Release|Any CPU = Release|Any CPU
	EndGlobalSection
	GlobalSection(ProjectConfigurationPlatforms) = postSolution
		{A3A3DD1F-53AD-4709-8526-C70EBBB9F0F0}.Debug|Any CPU.ActiveCfg = Debug|Any CPU
		{A3A3DD1F-53AD-4709-8526-C70EBBB9F0F0}.Debug|Any CPU.Build.0 = Debug|Any CPU
		{A3A3DD1F-53AD-4709-8526-C70EBBB9F0F0}.Release|Any CPU.ActiveCfg = Release|Any CPU
		{A3A3DD1F-53AD-4709-8526-C70EBBB9F0F0}.Release|Any CPU.Build.0 = Release|Any CPU
	EndGlobalSection
	GlobalSection(SolutionProperties) = preSolution
		HideSolutionNode = FALSE
	EndGlobalSection
	GlobalSection(ExtensibilityGlobals) = postSolution
		SolutionGuid = {478D66A1-CC8D-48C0-A9F7-093C1E4DFCCE}
	EndGlobalSection
EndGlobal
